// !$*UTF8*$!
{
	archiveVersion = 1;
	classes = {
	};
	objectVersion = 77;
	objects = {

/* Begin PBXBuildFile section */
		9D1520C22D45484F0048A425 /* IndexCard.swift in Sources */ = {isa = PBXBuildFile; fileRef = 9D1520C12D45484C0048A425 /* IndexCard.swift */; };
		9D25AFF52D451FDA0094BE24 /* AppDelegate.swift in Sources */ = {isa = PBXBuildFile; fileRef = 9D25AFE92D451FD90094BE24 /* AppDelegate.swift */; };
		9D25AFF62D451FDA0094BE24 /* DDSDragNDropController.swift in Sources */ = {isa = PBXBuildFile; fileRef = 9D25AFEB2D451FD90094BE24 /* DDSDragNDropController.swift */; };
		9D25AFF72D451FDA0094BE24 /* MyCell.swift in Sources */ = {isa = PBXBuildFile; fileRef = 9D25AFF12D451FD90094BE24 /* MyCell.swift */; };
		9D25AFF82D451FDA0094BE24 /* DDSReorderInteractivelyController.swift in Sources */ = {isa = PBXBuildFile; fileRef = 9D25AFF22D451FD90094BE24 /* DDSReorderInteractivelyController.swift */; };
		9D25AFF92D451FDA0094BE24 /* SceneDelegate.swift in Sources */ = {isa = PBXBuildFile; fileRef = 9D25AFF32D451FD90094BE24 /* SceneDelegate.swift */; };
		9D25AFFA2D451FDA0094BE24 /* Assets.xcassets in Resources */ = {isa = PBXBuildFile; fileRef = 9D25AFEA2D451FD90094BE24 /* Assets.xcassets */; };
		9D25AFFC2D451FDA0094BE24 /* LaunchScreen.storyboard in Resources */ = {isa = PBXBuildFile; fileRef = 9D25AFEE2D451FD90094BE24 /* LaunchScreen.storyboard */; };
		9D25AFFD2D451FDA0094BE24 /* Main.storyboard in Resources */ = {isa = PBXBuildFile; fileRef = 9D25AFF02D451FD90094BE24 /* Main.storyboard */; };
		9DFDB4932D4522840082AE8B /* MyCell.xib in Resources */ = {isa = PBXBuildFile; fileRef = 9DFDB4922D4522840082AE8B /* MyCell.xib */; };
		9DFDB4B42D4534540082AE8B /* ReorderInteractivelyController.swift in Sources */ = {isa = PBXBuildFile; fileRef = 9DFDB4B32D4534540082AE8B /* ReorderInteractivelyController.swift */; };
		9DFDB4B52D4534540082AE8B /* DragNDropController.swift in Sources */ = {isa = PBXBuildFile; fileRef = 9DFDB4B22D4534540082AE8B /* DragNDropController.swift */; };
/* End PBXBuildFile section */

/* Begin PBXFileReference section */
		9D1520C12D45484C0048A425 /* IndexCard.swift */ = {isa = PBXFileReference; lastKnownFileType = sourcecode.swift; path = IndexCard.swift; sourceTree = "<group>"; };
		9D25AFE92D451FD90094BE24 /* AppDelegate.swift */ = {isa = PBXFileReference; lastKnownFileType = sourcecode.swift; path = AppDelegate.swift; sourceTree = "<group>"; };
		9D25AFEA2D451FD90094BE24 /* Assets.xcassets */ = {isa = PBXFileReference; lastKnownFileType = folder.assetcatalog; path = Assets.xcassets; sourceTree = "<group>"; };
		9D25AFEB2D451FD90094BE24 /* DDSDragNDropController.swift */ = {isa = PBXFileReference; lastKnownFileType = sourcecode.swift; path = DDSDragNDropController.swift; sourceTree = "<group>"; };
		9D25AFEC2D451FD90094BE24 /* Info.plist */ = {isa = PBXFileReference; lastKnownFileType = text.plist.xml; path = Info.plist; sourceTree = "<group>"; };
		9D25AFED2D451FD90094BE24 /* Base */ = {isa = PBXFileReference; lastKnownFileType = file.storyboard; name = Base; path = Base.lproj/LaunchScreen.storyboard; sourceTree = "<group>"; };
		9D25AFEF2D451FD90094BE24 /* Base */ = {isa = PBXFileReference; lastKnownFileType = file.storyboard; name = Base; path = Base.lproj/Main.storyboard; sourceTree = "<group>"; };
		9D25AFF12D451FD90094BE24 /* MyCell.swift */ = {isa = PBXFileReference; lastKnownFileType = sourcecode.swift; path = MyCell.swift; sourceTree = "<group>"; };
		9D25AFF22D451FD90094BE24 /* DDSReorderInteractivelyController.swift */ = {isa = PBXFileReference; lastKnownFileType = sourcecode.swift; path = DDSReorderInteractivelyController.swift; sourceTree = "<group>"; };
		9D25AFF32D451FD90094BE24 /* SceneDelegate.swift */ = {isa = PBXFileReference; lastKnownFileType = sourcecode.swift; path = SceneDelegate.swift; sourceTree = "<group>"; };
		9D92F8112D2B680900983D1F /* EditableCollectionView.app */ = {isa = PBXFileReference; explicitFileType = wrapper.application; includeInIndex = 0; path = EditableCollectionView.app; sourceTree = BUILT_PRODUCTS_DIR; };
		9DFDB4922D4522840082AE8B /* MyCell.xib */ = {isa = PBXFileReference; lastKnownFileType = file.xib; path = MyCell.xib; sourceTree = "<group>"; };
		9DFDB4B22D4534540082AE8B /* DragNDropController.swift */ = {isa = PBXFileReference; lastKnownFileType = sourcecode.swift; path = DragNDropController.swift; sourceTree = "<group>"; };
		9DFDB4B32D4534540082AE8B /* ReorderInteractivelyController.swift */ = {isa = PBXFileReference; lastKnownFileType = sourcecode.swift; path = ReorderInteractivelyController.swift; sourceTree = "<group>"; };
/* End PBXFileReference section */

/* Begin PBXFrameworksBuildPhase section */
		9D92F80E2D2B680900983D1F /* Frameworks */ = {
			isa = PBXFrameworksBuildPhase;
			buildActionMask = 2147483647;
			files = (
			);
			runOnlyForDeploymentPostprocessing = 0;
		};
/* End PBXFrameworksBuildPhase section */

/* Begin PBXGroup section */
		9D25AFF42D451FD90094BE24 /* EditableCollectionView */ = {
			isa = PBXGroup;
			children = (
				9D25AFFE2D451FE00094BE24 /* Diffable Data Source(DDS) */,
				9D25AFFF2D451FFF0094BE24 /* Old Data Source */,
				9D25AFE92D451FD90094BE24 /* AppDelegate.swift */,
				9D25AFEA2D451FD90094BE24 /* Assets.xcassets */,
				9D25AFEC2D451FD90094BE24 /* Info.plist */,
				9D25AFEE2D451FD90094BE24 /* LaunchScreen.storyboard */,
				9D25AFF02D451FD90094BE24 /* Main.storyboard */,
				9D1520C12D45484C0048A425 /* IndexCard.swift */,
				9D25AFF12D451FD90094BE24 /* MyCell.swift */,
				9DFDB4922D4522840082AE8B /* MyCell.xib */,
				9D25AFF32D451FD90094BE24 /* SceneDelegate.swift */,
			);
			path = EditableCollectionView;
			sourceTree = "<group>";
		};
		9D25AFFE2D451FE00094BE24 /* Diffable Data Source(DDS) */ = {
			isa = PBXGroup;
			children = (
				9D25AFEB2D451FD90094BE24 /* DDSDragNDropController.swift */,
				9D25AFF22D451FD90094BE24 /* DDSReorderInteractivelyController.swift */,
			);
			path = "Diffable Data Source(DDS)";
			sourceTree = "<group>";
		};
		9D25AFFF2D451FFF0094BE24 /* Old Data Source */ = {
			isa = PBXGroup;
			children = (
				9DFDB4B22D4534540082AE8B /* DragNDropController.swift */,
				9DFDB4B32D4534540082AE8B /* ReorderInteractivelyController.swift */,
			);
			path = "Old Data Source";
			sourceTree = "<group>";
		};
		9D92F8082D2B680900983D1F = {
			isa = PBXGroup;
			children = (
				9D25AFF42D451FD90094BE24 /* EditableCollectionView */,
				9D92F8122D2B680900983D1F /* Products */,
			);
			sourceTree = "<group>";
		};
		9D92F8122D2B680900983D1F /* Products */ = {
			isa = PBXGroup;
			children = (
				9D92F8112D2B680900983D1F /* EditableCollectionView.app */,
			);
			name = Products;
			sourceTree = "<group>";
		};
/* End PBXGroup section */

/* Begin PBXNativeTarget section */
		9D92F8102D2B680900983D1F /* EditableCollectionView */ = {
			isa = PBXNativeTarget;
			buildConfigurationList = 9D92F8242D2B680B00983D1F /* Build configuration list for PBXNativeTarget "EditableCollectionView" */;
			buildPhases = (
				9D92F80D2D2B680900983D1F /* Sources */,
				9D92F80E2D2B680900983D1F /* Frameworks */,
				9D92F80F2D2B680900983D1F /* Resources */,
			);
			buildRules = (
			);
			dependencies = (
			);
			name = EditableCollectionView;
			packageProductDependencies = (
			);
			productName = EditableCollectionView;
			productReference = 9D92F8112D2B680900983D1F /* EditableCollectionView.app */;
			productType = "com.apple.product-type.application";
		};
/* End PBXNativeTarget section */

/* Begin PBXProject section */
		9D92F8092D2B680900983D1F /* Project object */ = {
			isa = PBXProject;
			attributes = {
				BuildIndependentTargetsInParallel = 1;
				LastSwiftUpdateCheck = 1620;
				LastUpgradeCheck = 1620;
				TargetAttributes = {
					9D92F8102D2B680900983D1F = {
						CreatedOnToolsVersion = 16.2;
					};
				};
			};
			buildConfigurationList = 9D92F80C2D2B680900983D1F /* Build configuration list for PBXProject "EditableCollectionView" */;
			developmentRegion = en;
			hasScannedForEncodings = 0;
			knownRegions = (
				en,
				Base,
			);
			mainGroup = 9D92F8082D2B680900983D1F;
			minimizedProjectReferenceProxies = 1;
			preferredProjectObjectVersion = 77;
			productRefGroup = 9D92F8122D2B680900983D1F /* Products */;
			projectDirPath = "";
			projectRoot = "";
			targets = (
				9D92F8102D2B680900983D1F /* EditableCollectionView */,
			);
		};
/* End PBXProject section */

/* Begin PBXResourcesBuildPhase section */
		9D92F80F2D2B680900983D1F /* Resources */ = {
			isa = PBXResourcesBuildPhase;
			buildActionMask = 2147483647;
			files = (
				9D25AFFA2D451FDA0094BE24 /* Assets.xcassets in Resources */,
				9DFDB4932D4522840082AE8B /* MyCell.xib in Resources */,
				9D25AFFC2D451FDA0094BE24 /* LaunchScreen.storyboard in Resources */,
				9D25AFFD2D451FDA0094BE24 /* Main.storyboard in Resources */,
			);
			runOnlyForDeploymentPostprocessing = 0;
		};
/* End PBXResourcesBuildPhase section */

/* Begin PBXSourcesBuildPhase section */
		9D92F80D2D2B680900983D1F /* Sources */ = {
			isa = PBXSourcesBuildPhase;
			buildActionMask = 2147483647;
			files = (
				9D25AFF52D451FDA0094BE24 /* AppDelegate.swift in Sources */,
				9D25AFF62D451FDA0094BE24 /* DDSDragNDropController.swift in Sources */,
				9D25AFF72D451FDA0094BE24 /* MyCell.swift in Sources */,
				9DFDB4B42D4534540082AE8B /* ReorderInteractivelyController.swift in Sources */,
				9D1520C22D45484F0048A425 /* IndexCard.swift in Sources */,
				9DFDB4B52D4534540082AE8B /* DragNDropController.swift in Sources */,
				9D25AFF82D451FDA0094BE24 /* DDSReorderInteractivelyController.swift in Sources */,
				9D25AFF92D451FDA0094BE24 /* SceneDelegate.swift in Sources */,
			);
			runOnlyForDeploymentPostprocessing = 0;
		};
/* End PBXSourcesBuildPhase section */

/* Begin PBXVariantGroup section */
		9D25AFEE2D451FD90094BE24 /* LaunchScreen.storyboard */ = {
			isa = PBXVariantGroup;
			children = (
				9D25AFED2D451FD90094BE24 /* Base */,
			);
			name = LaunchScreen.storyboard;
			sourceTree = "<group>";
		};
		9D25AFF02D451FD90094BE24 /* Main.storyboard */ = {
			isa = PBXVariantGroup;
			children = (
				9D25AFEF2D451FD90094BE24 /* Base */,
			);
			name = Main.storyboard;
			sourceTree = "<group>";
		};
/* End PBXVariantGroup section */

/* Begin XCBuildConfiguration section */
		9D92F8252D2B680B00983D1F /* Debug */ = {
			isa = XCBuildConfiguration;
			buildSettings = {
				ASSETCATALOG_COMPILER_APPICON_NAME = AppIcon;
				ASSETCATALOG_COMPILER_GLOBAL_ACCENT_COLOR_NAME = AccentColor;
				CODE_SIGN_STYLE = Automatic;
				CURRENT_PROJECT_VERSION = 1;
				DEVELOPMENT_TEAM = 7499ZBZAZ6;
				GENERATE_INFOPLIST_FILE = YES;
				INFOPLIST_FILE = EditableCollectionView/Info.plist;
				INFOPLIST_KEY_UIApplicationSupportsIndirectInputEvents = YES;
				INFOPLIST_KEY_UILaunchStoryboardName = LaunchScreen;
				INFOPLIST_KEY_UIMainStoryboardFile = Main;
				INFOPLIST_KEY_UISupportedInterfaceOrientations_iPad = "UIInterfaceOrientationPortrait UIInterfaceOrientationPortraitUpsideDown UIInterfaceOrientationLandscapeLeft UIInterfaceOrientationLandscapeRight";
				INFOPLIST_KEY_UISupportedInterfaceOrientations_iPhone = "UIInterfaceOrientationPortrait UIInterfaceOrientationLandscapeLeft UIInterfaceOrientationLandscapeRight";
				LD_RUNPATH_SEARCH_PATHS = (
					"$(inherited)",
					"@executable_path/Frameworks",
				);
				MARKETING_VERSION = 1.0;
				PRODUCT_BUNDLE_IDENTIFIER = blackmana.EditableCollectionView;
				PRODUCT_NAME = "$(TARGET_NAME)";
				SWIFT_EMIT_LOC_STRINGS = YES;
				SWIFT_VERSION = 5.0;
				TARGETED_DEVICE_FAMILY = "1,2";
			};
			name = Debug;
		};
		9D92F8262D2B680B00983D1F /* Release */ = {
			isa = XCBuildConfiguration;
			buildSettings = {
				ASSETCATALOG_COMPILER_APPICON_NAME = AppIcon;
				ASSETCATALOG_COMPILER_GLOBAL_ACCENT_COLOR_NAME = AccentColor;
				CODE_SIGN_STYLE = Automatic;
				CURRENT_PROJECT_VERSION = 1;
				DEVELOPMENT_TEAM = 7499ZBZAZ6;
				GENERATE_INFOPLIST_FILE = YES;
				INFOPLIST_FILE = EditableCollectionView/Info.plist;
				INFOPLIST_KEY_UIApplicationSupportsIndirectInputEvents = YES;
				INFOPLIST_KEY_UILaunchStoryboardName = LaunchScreen;
				INFOPLIST_KEY_UIMainStoryboardFile = Main;
				INFOPLIST_KEY_UISupportedInterfaceOrientations_iPad = "UIInterfaceOrientationPortrait UIInterfaceOrientationPortraitUpsideDown UIInterfaceOrientationLandscapeLeft UIInterfaceOrientationLandscapeRight";
				INFOPLIST_KEY_UISupportedInterfaceOrientations_iPhone = "UIInterfaceOrientationPortrait UIInterfaceOrientationLandscapeLeft UIInterfaceOrientationLandscapeRight";
				LD_RUNPATH_SEARCH_PATHS = (
					"$(inherited)",
					"@executable_path/Frameworks",
				);
				MARKETING_VERSION = 1.0;
				PRODUCT_BUNDLE_IDENTIFIER = blackmana.EditableCollectionView;
				PRODUCT_NAME = "$(TARGET_NAME)";
				SWIFT_EMIT_LOC_STRINGS = YES;
				SWIFT_VERSION = 5.0;
				TARGETED_DEVICE_FAMILY = "1,2";
			};
			name = Release;
		};
		9D92F8272D2B680B00983D1F /* Debug */ = {
			isa = XCBuildConfiguration;
			buildSettings = {
				ALWAYS_SEARCH_USER_PATHS = NO;
				ASSETCATALOG_COMPILER_GENERATE_SWIFT_ASSET_SYMBOL_EXTENSIONS = YES;
				CLANG_ANALYZER_NONNULL = YES;
				CLANG_ANALYZER_NUMBER_OBJECT_CONVERSION = YES_AGGRESSIVE;
				CLANG_CXX_LANGUAGE_STANDARD = "gnu++20";
				CLANG_ENABLE_MODULES = YES;
				CLANG_ENABLE_OBJC_ARC = YES;
				CLANG_ENABLE_OBJC_WEAK = YES;
				CLANG_WARN_BLOCK_CAPTURE_AUTORELEASING = YES;
				CLANG_WARN_BOOL_CONVERSION = YES;
				CLANG_WARN_COMMA = YES;
				CLANG_WARN_CONSTANT_CONVERSION = YES;
				CLANG_WARN_DEPRECATED_OBJC_IMPLEMENTATIONS = YES;
				CLANG_WARN_DIRECT_OBJC_ISA_USAGE = YES_ERROR;
				CLANG_WARN_DOCUMENTATION_COMMENTS = YES;
				CLANG_WARN_EMPTY_BODY = YES;
				CLANG_WARN_ENUM_CONVERSION = YES;
				CLANG_WARN_INFINITE_RECURSION = YES;
				CLANG_WARN_INT_CONVERSION = YES;
				CLANG_WARN_NON_LITERAL_NULL_CONVERSION = YES;
				CLANG_WARN_OBJC_IMPLICIT_RETAIN_SELF = YES;
				CLANG_WARN_OBJC_LITERAL_CONVERSION = YES;
				CLANG_WARN_OBJC_ROOT_CLASS = YES_ERROR;
				CLANG_WARN_QUOTED_INCLUDE_IN_FRAMEWORK_HEADER = YES;
				CLANG_WARN_RANGE_LOOP_ANALYSIS = YES;
				CLANG_WARN_STRICT_PROTOTYPES = YES;
				CLANG_WARN_SUSPICIOUS_MOVE = YES;
				CLANG_WARN_UNGUARDED_AVAILABILITY = YES_AGGRESSIVE;
				CLANG_WARN_UNREACHABLE_CODE = YES;
				CLANG_WARN__DUPLICATE_METHOD_MATCH = YES;
				COPY_PHASE_STRIP = NO;
				DEBUG_INFORMATION_FORMAT = dwarf;
				ENABLE_STRICT_OBJC_MSGSEND = YES;
				ENABLE_TESTABILITY = YES;
				ENABLE_USER_SCRIPT_SANDBOXING = YES;
				GCC_C_LANGUAGE_STANDARD = gnu17;
				GCC_DYNAMIC_NO_PIC = NO;
				GCC_NO_COMMON_BLOCKS = YES;
				GCC_OPTIMIZATION_LEVEL = 0;
				GCC_PREPROCESSOR_DEFINITIONS = (
					"DEBUG=1",
					"$(inherited)",
				);
				GCC_WARN_64_TO_32_BIT_CONVERSION = YES;
				GCC_WARN_ABOUT_RETURN_TYPE = YES_ERROR;
				GCC_WARN_UNDECLARED_SELECTOR = YES;
				GCC_WARN_UNINITIALIZED_AUTOS = YES_AGGRESSIVE;
				GCC_WARN_UNUSED_FUNCTION = YES;
				GCC_WARN_UNUSED_VARIABLE = YES;
				IPHONEOS_DEPLOYMENT_TARGET = 18.2;
				LOCALIZATION_PREFERS_STRING_CATALOGS = YES;
				MTL_ENABLE_DEBUG_INFO = INCLUDE_SOURCE;
				MTL_FAST_MATH = YES;
				ONLY_ACTIVE_ARCH = YES;
				SDKROOT = iphoneos;
				SWIFT_ACTIVE_COMPILATION_CONDITIONS = "DEBUG $(inherited)";
				SWIFT_OPTIMIZATION_LEVEL = "-Onone";
			};
			name = Debug;
		};
		9D92F8282D2B680B00983D1F /* Release */ = {
			isa = XCBuildConfiguration;
			buildSettings = {
				ALWAYS_SEARCH_USER_PATHS = NO;
				ASSETCATALOG_COMPILER_GENERATE_SWIFT_ASSET_SYMBOL_EXTENSIONS = YES;
				CLANG_ANALYZER_NONNULL = YES;
				CLANG_ANALYZER_NUMBER_OBJECT_CONVERSION = YES_AGGRESSIVE;
				CLANG_CXX_LANGUAGE_STANDARD = "gnu++20";
				CLANG_ENABLE_MODULES = YES;
				CLANG_ENABLE_OBJC_ARC = YES;
				CLANG_ENABLE_OBJC_WEAK = YES;
				CLANG_WARN_BLOCK_CAPTURE_AUTORELEASING = YES;
				CLANG_WARN_BOOL_CONVERSION = YES;
				CLANG_WARN_COMMA = YES;
				CLANG_WARN_CONSTANT_CONVERSION = YES;
				CLANG_WARN_DEPRECATED_OBJC_IMPLEMENTATIONS = YES;
				CLANG_WARN_DIRECT_OBJC_ISA_USAGE = YES_ERROR;
				CLANG_WARN_DOCUMENTATION_COMMENTS = YES;
				CLANG_WARN_EMPTY_BODY = YES;
				CLANG_WARN_ENUM_CONVERSION = YES;
				CLANG_WARN_INFINITE_RECURSION = YES;
				CLANG_WARN_INT_CONVERSION = YES;
				CLANG_WARN_NON_LITERAL_NULL_CONVERSION = YES;
				CLANG_WARN_OBJC_IMPLICIT_RETAIN_SELF = YES;
				CLANG_WARN_OBJC_LITERAL_CONVERSION = YES;
				CLANG_WARN_OBJC_ROOT_CLASS = YES_ERROR;
				CLANG_WARN_QUOTED_INCLUDE_IN_FRAMEWORK_HEADER = YES;
				CLANG_WARN_RANGE_LOOP_ANALYSIS = YES;
				CLANG_WARN_STRICT_PROTOTYPES = YES;
				CLANG_WARN_SUSPICIOUS_MOVE = YES;
				CLANG_WARN_UNGUARDED_AVAILABILITY = YES_AGGRESSIVE;
				CLANG_WARN_UNREACHABLE_CODE = YES;
				CLANG_WARN__DUPLICATE_METHOD_MATCH = YES;
				COPY_PHASE_STRIP = NO;
				DEBUG_INFORMATION_FORMAT = "dwarf-with-dsym";
				ENABLE_NS_ASSERTIONS = NO;
				ENABLE_STRICT_OBJC_MSGSEND = YES;
				ENABLE_USER_SCRIPT_SANDBOXING = YES;
				GCC_C_LANGUAGE_STANDARD = gnu17;
				GCC_NO_COMMON_BLOCKS = YES;
				GCC_WARN_64_TO_32_BIT_CONVERSION = YES;
				GCC_WARN_ABOUT_RETURN_TYPE = YES_ERROR;
				GCC_WARN_UNDECLARED_SELECTOR = YES;
				GCC_WARN_UNINITIALIZED_AUTOS = YES_AGGRESSIVE;
				GCC_WARN_UNUSED_FUNCTION = YES;
				GCC_WARN_UNUSED_VARIABLE = YES;
				IPHONEOS_DEPLOYMENT_TARGET = 18.2;
				LOCALIZATION_PREFERS_STRING_CATALOGS = YES;
				MTL_ENABLE_DEBUG_INFO = NO;
				MTL_FAST_MATH = YES;
				SDKROOT = iphoneos;
				SWIFT_COMPILATION_MODE = wholemodule;
				VALIDATE_PRODUCT = YES;
			};
			name = Release;
		};
/* End XCBuildConfiguration section */

/* Begin XCConfigurationList section */
		9D92F80C2D2B680900983D1F /* Build configuration list for PBXProject "EditableCollectionView" */ = {
			isa = XCConfigurationList;
			buildConfigurations = (
				9D92F8272D2B680B00983D1F /* Debug */,
				9D92F8282D2B680B00983D1F /* Release */,
			);
			defaultConfigurationIsVisible = 0;
			defaultConfigurationName = Release;
		};
		9D92F8242D2B680B00983D1F /* Build configuration list for PBXNativeTarget "EditableCollectionView" */ = {
			isa = XCConfigurationList;
			buildConfigurations = (
				9D92F8252D2B680B00983D1F /* Debug */,
				9D92F8262D2B680B00983D1F /* Release */,
			);
			defaultConfigurationIsVisible = 0;
			defaultConfigurationName = Release;
		};
/* End XCConfigurationList section */
	};
	rootObject = 9D92F8092D2B680900983D1F /* Project object */;
}
